
Microsoft Visual Studio Solution File, Format Version 12.00
# Visual Studio Version 16
VisualStudioVersion = 16.0.29806.167
MinimumVisualStudioVersion = 10.0.40219.1
Project("{FAE04EC0-301F-11D3-BF4B-00C04F79EFBC}") = "Membership_App", "Membership_App\Membership_App.csproj", "{50BF0300-B33F-4AED-90FA-9325FA910B30}"
EndProject
Global
	GlobalSection(SolutionConfigurationPlatforms) = preSolution
		Debug|Any CPU = Debug|Any CPU
		Release|Any CPU = Release|Any CPU
	EndGlobalSection
	GlobalSection(ProjectConfigurationPlatforms) = postSolution
		{50BF0300-B33F-4AED-90FA-9325FA910B30}.Debug|Any CPU.ActiveCfg = Debug|Any CPU
		{50BF0300-B33F-4AED-90FA-9325FA910B30}.Debug|Any CPU.Build.0 = Debug|Any CPU
		{50BF0300-B33F-4AED-90FA-9325FA910B30}.Release|Any CPU.ActiveCfg = Release|Any CPU
		{50BF0300-B33F-4AED-90FA-9325FA910B30}.Release|Any CPU.Build.0 = Release|Any CPU
	EndGlobalSection
	GlobalSection(SolutionProperties) = preSolution
		HideSolutionNode = FALSE
	EndGlobalSection
	GlobalSection(ExtensibilityGlobals) = postSolution
		SolutionGuid = {A4A22AFB-6958-44D3-B15A-117C10A96A59}
	EndGlobalSection
EndGlobal
